Microsoft Visual Studio Solution File, Format Version 11.00
# Visual Studio 2008

Project("{301444B0-92FC-9E81-0CB3-63A514A503A2}") = "EditorBasics", "Assembly-CSharp.csproj", "{DA9182F9-73E5-7534-2C1A-E13C3DA7EC7D}"
EndProject
Global
	GlobalSection(SolutionConfigurationPlatforms) = preSolution
		Debug|Any CPU = Debug|Any CPU
		Release|Any CPU = Release|Any CPU
	EndGlobalSection
	GlobalSection(ProjectConfigurationPlatforms) = postSolution
		{DA9182F9-73E5-7534-2C1A-E13C3DA7EC7D}.Debug|Any CPU.ActiveCfg = Debug|Any CPU
		{DA9182F9-73E5-7534-2C1A-E13C3DA7EC7D}.Debug|Any CPU.Build.0 = Debug|Any CPU
		{DA9182F9-73E5-7534-2C1A-E13C3DA7EC7D}.Release|Any CPU.ActiveCfg = Release|Any CPU
		{DA9182F9-73E5-7534-2C1A-E13C3DA7EC7D}.Release|Any CPU.Build.0 = Release|Any CPU
	EndGlobalSection
	GlobalSection(SolutionProperties) = preSolution
		HideSolutionNode = FALSE
	EndGlobalSection
	GlobalSection(MonoDevelopProperties) = preSolution
		StartupItem = Assembly-CSharp.csproj
	EndGlobalSection
EndGlobal
